
Microsoft Visual Studio Solution File, Format Version 12.00
# Visual Studio 15
VisualStudioVersion = 15.0.28307.572
MinimumVisualStudioVersion = 10.0.40219.1
Project("{FAE04EC0-301F-11D3-BF4B-00C04F79EFBC}") = "Exemplo00", "Exemplo00\Exemplo00.csproj", "{5D349B68-36A2-4CCD-9395-F290B8D75B07}"
EndProject
Global
	GlobalSection(SolutionConfigurationPlatforms) = preSolution
		Debug|Any CPU = Debug|Any CPU
		Release|Any CPU = Release|Any CPU
	EndGlobalSection
	GlobalSection(ProjectConfigurationPlatforms) = postSolution
		{5D349B68-36A2-4CCD-9395-F290B8D75B07}.Debug|Any CPU.ActiveCfg = Debug|Any CPU
		{5D349B68-36A2-4CCD-9395-F290B8D75B07}.Debug|Any CPU.Build.0 = Debug|Any CPU
		{5D349B68-36A2-4CCD-9395-F290B8D75B07}.Release|Any CPU.ActiveCfg = Release|Any CPU
		{5D349B68-36A2-4CCD-9395-F290B8D75B07}.Release|Any CPU.Build.0 = Release|Any CPU
	EndGlobalSection
	GlobalSection(SolutionProperties) = preSolution
		HideSolutionNode = FALSE
	EndGlobalSection
	GlobalSection(ExtensibilityGlobals) = postSolution
		SolutionGuid = {E1334827-1551-46DD-A21B-590AD8EB29BE}
	EndGlobalSection
EndGlobal
